// !$*UTF8*$!
{
	archiveVersion = 1;
	classes = {
	};
	objectVersion = 56;
	objects = {

/* Begin PBXBuildFile section */
		62F0B27C2B911F4C00ECDDB3 /* ListPosts.swift in Sources */ = {isa = PBXBuildFile; fileRef = 62F0B27B2B911F4C00ECDDB3 /* ListPosts.swift */; };
		62F0B27E2B912D8C00ECDDB3 /* Question.swift in Sources */ = {isa = PBXBuildFile; fileRef = 62F0B27D2B912D8C00ECDDB3 /* Question.swift */; };
		62F8F8302B8FCBD100BBD450 /* Example_interviewApp.swift in Sources */ = {isa = PBXBuildFile; fileRef = 62F8F82F2B8FCBD100BBD450 /* Example_interviewApp.swift */; };
		62F8F8322B8FCBD100BBD450 /* ContentView.swift in Sources */ = {isa = PBXBuildFile; fileRef = 62F8F8312B8FCBD100BBD450 /* ContentView.swift */; };
		62F8F8342B8FCBD300BBD450 /* Assets.xcassets in Resources */ = {isa = PBXBuildFile; fileRef = 62F8F8332B8FCBD300BBD450 /* Assets.xcassets */; };
		62F8F8372B8FCBD300BBD450 /* Preview Assets.xcassets in Resources */ = {isa = PBXBuildFile; fileRef = 62F8F8362B8FCBD300BBD450 /* Preview Assets.xcassets */; };
/* End PBXBuildFile section */

/* Begin PBXFileReference section */
		62F0B27B2B911F4C00ECDDB3 /* ListPosts.swift */ = {isa = PBXFileReference; lastKnownFileType = sourcecode.swift; path = ListPosts.swift; sourceTree = "<group>"; };
		62F0B27D2B912D8C00ECDDB3 /* Question.swift */ = {isa = PBXFileReference; lastKnownFileType = sourcecode.swift; path = Question.swift; sourceTree = "<group>"; };
		62F8F82C2B8FCBD100BBD450 /* Example interview.app */ = {isa = PBXFileReference; explicitFileType = wrapper.application; includeInIndex = 0; path = "Example interview.app"; sourceTree = BUILT_PRODUCTS_DIR; };
		62F8F82F2B8FCBD100BBD450 /* Example_interviewApp.swift */ = {isa = PBXFileReference; lastKnownFileType = sourcecode.swift; path = Example_interviewApp.swift; sourceTree = "<group>"; };
		62F8F8312B8FCBD100BBD450 /* ContentView.swift */ = {isa = PBXFileReference; lastKnownFileType = sourcecode.swift; path = ContentView.swift; sourceTree = "<group>"; };
		62F8F8332B8FCBD300BBD450 /* Assets.xcassets */ = {isa = PBXFileReference; lastKnownFileType = folder.assetcatalog; path = Assets.xcassets; sourceTree = "<group>"; };
		62F8F8362B8FCBD300BBD450 /* Preview Assets.xcassets */ = {isa = PBXFileReference; lastKnownFileType = folder.assetcatalog; path = "Preview Assets.xcassets"; sourceTree = "<group>"; };
/* End PBXFileReference section */

/* Begin PBXFrameworksBuildPhase section */
		62F8F8292B8FCBD100BBD450 /* Frameworks */ = {
			isa = PBXFrameworksBuildPhase;
			buildActionMask = 2147483647;
			files = (
			);
			runOnlyForDeploymentPostprocessing = 0;
		};
/* End PBXFrameworksBuildPhase section */

/* Begin PBXGroup section */
		62F0B2792B911CF500ECDDB3 /* Domain */ = {
			isa = PBXGroup;
			children = (
			);
			path = Domain;
			sourceTree = "<group>";
		};
		62F0B27A2B911F2600ECDDB3 /* Posts */ = {
			isa = PBXGroup;
			children = (
				62F0B27B2B911F4C00ECDDB3 /* ListPosts.swift */,
			);
			path = Posts;
			sourceTree = "<group>";
		};
		62F8F8232B8FCBD100BBD450 = {
			isa = PBXGroup;
			children = (
				62F8F83E2B8FDF6800BBD450 /* Data */,
				62F0B2792B911CF500ECDDB3 /* Domain */,
				62F8F83D2B8FDF5900BBD450 /* Presentation */,
				62F8F82E2B8FCBD100BBD450 /* Example interview */,
				62F8F82D2B8FCBD100BBD450 /* Products */,
			);
			sourceTree = "<group>";
		};
		62F8F82D2B8FCBD100BBD450 /* Products */ = {
			isa = PBXGroup;
			children = (
				62F8F82C2B8FCBD100BBD450 /* Example interview.app */,
			);
			name = Products;
			sourceTree = "<group>";
		};
		62F8F82E2B8FCBD100BBD450 /* Example interview */ = {
			isa = PBXGroup;
			children = (
				62F8F82F2B8FCBD100BBD450 /* Example_interviewApp.swift */,
				62F8F8312B8FCBD100BBD450 /* ContentView.swift */,
				62F8F8332B8FCBD300BBD450 /* Assets.xcassets */,
				62F8F8352B8FCBD300BBD450 /* Preview Content */,
			);
			path = "Example interview";
			sourceTree = "<group>";
		};
		62F8F8352B8FCBD300BBD450 /* Preview Content */ = {
			isa = PBXGroup;
			children = (
				62F8F8362B8FCBD300BBD450 /* Preview Assets.xcassets */,
			);
			path = "Preview Content";
			sourceTree = "<group>";
		};
		62F8F83D2B8FDF5900BBD450 /* Presentation */ = {
			isa = PBXGroup;
			children = (
				62F0B27A2B911F2600ECDDB3 /* Posts */,
			);
			path = Presentation;
			sourceTree = "<group>";
		};
		62F8F83E2B8FDF6800BBD450 /* Data */ = {
			isa = PBXGroup;
			children = (
				62F0B27D2B912D8C00ECDDB3 /* Question.swift */,
			);
			path = Data;
			sourceTree = "<group>";
		};
/* End PBXGroup section */

/* Begin PBXNativeTarget section */
		62F8F82B2B8FCBD100BBD450 /* Example interview */ = {
			isa = PBXNativeTarget;
			buildConfigurationList = 62F8F83A2B8FCBD300BBD450 /* Build configuration list for PBXNativeTarget "Example interview" */;
			buildPhases = (
				62F8F8282B8FCBD100BBD450 /* Sources */,
				62F8F8292B8FCBD100BBD450 /* Frameworks */,
				62F8F82A2B8FCBD100BBD450 /* Resources */,
			);
			buildRules = (
			);
			dependencies = (
			);
			name = "Example interview";
			productName = "Example interview";
			productReference = 62F8F82C2B8FCBD100BBD450 /* Example interview.app */;
			productType = "com.apple.product-type.application";
		};
/* End PBXNativeTarget section */

/* Begin PBXProject section */
		62F8F8242B8FCBD100BBD450 /* Project object */ = {
			isa = PBXProject;
			attributes = {
				BuildIndependentTargetsInParallel = 1;
				LastSwiftUpdateCheck = 1520;
				LastUpgradeCheck = 1520;
				TargetAttributes = {
					62F8F82B2B8FCBD100BBD450 = {
						CreatedOnToolsVersion = 15.2;
					};
				};
			};
			buildConfigurationList = 62F8F8272B8FCBD100BBD450 /* Build configuration list for PBXProject "Example interview" */;
			compatibilityVersion = "Xcode 14.0";
			developmentRegion = en;
			hasScannedForEncodings = 0;
			knownRegions = (
				en,
				Base,
			);
			mainGroup = 62F8F8232B8FCBD100BBD450;
			productRefGroup = 62F8F82D2B8FCBD100BBD450 /* Products */;
			projectDirPath = "";
			projectRoot = "";
			targets = (
				62F8F82B2B8FCBD100BBD450 /* Example interview */,
			);
		};
/* End PBXProject section */

/* Begin PBXResourcesBuildPhase section */
		62F8F82A2B8FCBD100BBD450 /* Resources */ = {
			isa = PBXResourcesBuildPhase;
			buildActionMask = 2147483647;
			files = (
				62F8F8372B8FCBD300BBD450 /* Preview Assets.xcassets in Resources */,
				62F8F8342B8FCBD300BBD450 /* Assets.xcassets in Resources */,
			);
			runOnlyForDeploymentPostprocessing = 0;
		};
/* End PBXResourcesBuildPhase section */

/* Begin PBXSourcesBuildPhase section */
		62F8F8282B8FCBD100BBD450 /* Sources */ = {
			isa = PBXSourcesBuildPhase;
			buildActionMask = 2147483647;
			files = (
				62F8F8322B8FCBD100BBD450 /* ContentView.swift in Sources */,
				62F0B27E2B912D8C00ECDDB3 /* Question.swift in Sources */,
				62F8F8302B8FCBD100BBD450 /* Example_interviewApp.swift in Sources */,
				62F0B27C2B911F4C00ECDDB3 /* ListPosts.swift in Sources */,
			);
			runOnlyForDeploymentPostprocessing = 0;
		};
/* End PBXSourcesBuildPhase section */

/* Begin XCBuildConfiguration section */
		62F8F8382B8FCBD300BBD450 /* Debug */ = {
			isa = XCBuildConfiguration;
			buildSettings = {
				ALWAYS_SEARCH_USER_PATHS = NO;
				ASSETCATALOG_COMPILER_GENERATE_SWIFT_ASSET_SYMBOL_EXTENSIONS = YES;
				CLANG_ANALYZER_NONNULL = YES;
				CLANG_ANALYZER_NUMBER_OBJECT_CONVERSION = YES_AGGRESSIVE;
				CLANG_CXX_LANGUAGE_STANDARD = "gnu++20";
				CLANG_ENABLE_MODULES = YES;
				CLANG_ENABLE_OBJC_ARC = YES;
				CLANG_ENABLE_OBJC_WEAK = YES;
				CLANG_WARN_BLOCK_CAPTURE_AUTORELEASING = YES;
				CLANG_WARN_BOOL_CONVERSION = YES;
				CLANG_WARN_COMMA = YES;
				CLANG_WARN_CONSTANT_CONVERSION = YES;
				CLANG_WARN_DEPRECATED_OBJC_IMPLEMENTATIONS = YES;
				CLANG_WARN_DIRECT_OBJC_ISA_USAGE = YES_ERROR;
				CLANG_WARN_DOCUMENTATION_COMMENTS = YES;
				CLANG_WARN_EMPTY_BODY = YES;
				CLANG_WARN_ENUM_CONVERSION = YES;
				CLANG_WARN_INFINITE_RECURSION = YES;
				CLANG_WARN_INT_CONVERSION = YES;
				CLANG_WARN_NON_LITERAL_NULL_CONVERSION = YES;
				CLANG_WARN_OBJC_IMPLICIT_RETAIN_SELF = YES;
				CLANG_WARN_OBJC_LITERAL_CONVERSION = YES;
				CLANG_WARN_OBJC_ROOT_CLASS = YES_ERROR;
				CLANG_WARN_QUOTED_INCLUDE_IN_FRAMEWORK_HEADER = YES;
				CLANG_WARN_RANGE_LOOP_ANALYSIS = YES;
				CLANG_WARN_STRICT_PROTOTYPES = YES;
				CLANG_WARN_SUSPICIOUS_MOVE = YES;
				CLANG_WARN_UNGUARDED_AVAILABILITY = YES_AGGRESSIVE;
				CLANG_WARN_UNREACHABLE_CODE = YES;
				CLANG_WARN__DUPLICATE_METHOD_MATCH = YES;
				COPY_PHASE_STRIP = NO;
				DEBUG_INFORMATION_FORMAT = dwarf;
				ENABLE_STRICT_OBJC_MSGSEND = YES;
				ENABLE_TESTABILITY = YES;
				ENABLE_USER_SCRIPT_SANDBOXING = YES;
				GCC_C_LANGUAGE_STANDARD = gnu17;
				GCC_DYNAMIC_NO_PIC = NO;
				GCC_NO_COMMON_BLOCKS = YES;
				GCC_OPTIMIZATION_LEVEL = 0;
				GCC_PREPROCESSOR_DEFINITIONS = (
					"DEBUG=1",
					"$(inherited)",
				);
				GCC_WARN_64_TO_32_BIT_CONVERSION = YES;
				GCC_WARN_ABOUT_RETURN_TYPE = YES_ERROR;
				GCC_WARN_UNDECLARED_SELECTOR = YES;
				GCC_WARN_UNINITIALIZED_AUTOS = YES_AGGRESSIVE;
				GCC_WARN_UNUSED_FUNCTION = YES;
				GCC_WARN_UNUSED_VARIABLE = YES;
				IPHONEOS_DEPLOYMENT_TARGET = 17.2;
				LOCALIZATION_PREFERS_STRING_CATALOGS = YES;
				MTL_ENABLE_DEBUG_INFO = INCLUDE_SOURCE;
				MTL_FAST_MATH = YES;
				ONLY_ACTIVE_ARCH = YES;
				SDKROOT = iphoneos;
				SWIFT_ACTIVE_COMPILATION_CONDITIONS = "DEBUG $(inherited)";
				SWIFT_OPTIMIZATION_LEVEL = "-Onone";
			};
			name = Debug;
		};
		62F8F8392B8FCBD300BBD450 /* Release */ = {
			isa = XCBuildConfiguration;
			buildSettings = {
				ALWAYS_SEARCH_USER_PATHS = NO;
				ASSETCATALOG_COMPILER_GENERATE_SWIFT_ASSET_SYMBOL_EXTENSIONS = YES;
				CLANG_ANALYZER_NONNULL = YES;
				CLANG_ANALYZER_NUMBER_OBJECT_CONVERSION = YES_AGGRESSIVE;
				CLANG_CXX_LANGUAGE_STANDARD = "gnu++20";
				CLANG_ENABLE_MODULES = YES;
				CLANG_ENABLE_OBJC_ARC = YES;
				CLANG_ENABLE_OBJC_WEAK = YES;
				CLANG_WARN_BLOCK_CAPTURE_AUTORELEASING = YES;
				CLANG_WARN_BOOL_CONVERSION = YES;
				CLANG_WARN_COMMA = YES;
				CLANG_WARN_CONSTANT_CONVERSION = YES;
				CLANG_WARN_DEPRECATED_OBJC_IMPLEMENTATIONS = YES;
				CLANG_WARN_DIRECT_OBJC_ISA_USAGE = YES_ERROR;
				CLANG_WARN_DOCUMENTATION_COMMENTS = YES;
				CLANG_WARN_EMPTY_BODY = YES;
				CLANG_WARN_ENUM_CONVERSION = YES;
				CLANG_WARN_INFINITE_RECURSION = YES;
				CLANG_WARN_INT_CONVERSION = YES;
				CLANG_WARN_NON_LITERAL_NULL_CONVERSION = YES;
				CLANG_WARN_OBJC_IMPLICIT_RETAIN_SELF = YES;
				CLANG_WARN_OBJC_LITERAL_CONVERSION = YES;
				CLANG_WARN_OBJC_ROOT_CLASS = YES_ERROR;
				CLANG_WARN_QUOTED_INCLUDE_IN_FRAMEWORK_HEADER = YES;
				CLANG_WARN_RANGE_LOOP_ANALYSIS = YES;
				CLANG_WARN_STRICT_PROTOTYPES = YES;
				CLANG_WARN_SUSPICIOUS_MOVE = YES;
				CLANG_WARN_UNGUARDED_AVAILABILITY = YES_AGGRESSIVE;
				CLANG_WARN_UNREACHABLE_CODE = YES;
				CLANG_WARN__DUPLICATE_METHOD_MATCH = YES;
				COPY_PHASE_STRIP = NO;
				DEBUG_INFORMATION_FORMAT = "dwarf-with-dsym";
				ENABLE_NS_ASSERTIONS = NO;
				ENABLE_STRICT_OBJC_MSGSEND = YES;
				ENABLE_USER_SCRIPT_SANDBOXING = YES;
				GCC_C_LANGUAGE_STANDARD = gnu17;
				GCC_NO_COMMON_BLOCKS = YES;
				GCC_WARN_64_TO_32_BIT_CONVERSION = YES;
				GCC_WARN_ABOUT_RETURN_TYPE = YES_ERROR;
				GCC_WARN_UNDECLARED_SELECTOR = YES;
				GCC_WARN_UNINITIALIZED_AUTOS = YES_AGGRESSIVE;
				GCC_WARN_UNUSED_FUNCTION = YES;
				GCC_WARN_UNUSED_VARIABLE = YES;
				IPHONEOS_DEPLOYMENT_TARGET = 17.2;
				LOCALIZATION_PREFERS_STRING_CATALOGS = YES;
				MTL_ENABLE_DEBUG_INFO = NO;
				MTL_FAST_MATH = YES;
				SDKROOT = iphoneos;
				SWIFT_COMPILATION_MODE = wholemodule;
				VALIDATE_PRODUCT = YES;
			};
			name = Release;
		};
		62F8F83B2B8FCBD300BBD450 /* Debug */ = {
			isa = XCBuildConfiguration;
			buildSettings = {
				ASSETCATALOG_COMPILER_APPICON_NAME = AppIcon;
				ASSETCATALOG_COMPILER_GLOBAL_ACCENT_COLOR_NAME = AccentColor;
				CODE_SIGN_STYLE = Automatic;
				CURRENT_PROJECT_VERSION = 1;
				DEVELOPMENT_ASSET_PATHS = "\"Example interview/Preview Content\"";
				DEVELOPMENT_TEAM = FA5YW83ZRX;
				ENABLE_PREVIEWS = YES;
				GENERATE_INFOPLIST_FILE = YES;
				INFOPLIST_KEY_UIApplicationSceneManifest_Generation = YES;
				INFOPLIST_KEY_UIApplicationSupportsIndirectInputEvents = YES;
				INFOPLIST_KEY_UILaunchScreen_Generation = YES;
				INFOPLIST_KEY_UISupportedInterfaceOrientations_iPad = "UIInterfaceOrientationPortrait UIInterfaceOrientationPortraitUpsideDown UIInterfaceOrientationLandscapeLeft UIInterfaceOrientationLandscapeRight";
				INFOPLIST_KEY_UISupportedInterfaceOrientations_iPhone = "UIInterfaceOrientationPortrait UIInterfaceOrientationLandscapeLeft UIInterfaceOrientationLandscapeRight";
				LD_RUNPATH_SEARCH_PATHS = (
					"$(inherited)",
					"@executable_path/Frameworks",
				);
				MARKETING_VERSION = 1.0;
				PRODUCT_BUNDLE_IDENTIFIER = "com.cod3f1re.Example-interview";
				PRODUCT_NAME = "$(TARGET_NAME)";
				SWIFT_EMIT_LOC_STRINGS = YES;
				SWIFT_VERSION = 5.0;
				TARGETED_DEVICE_FAMILY = "1,2";
			};
			name = Debug;
		};
		62F8F83C2B8FCBD300BBD450 /* Release */ = {
			isa = XCBuildConfiguration;
			buildSettings = {
				ASSETCATALOG_COMPILER_APPICON_NAME = AppIcon;
				ASSETCATALOG_COMPILER_GLOBAL_ACCENT_COLOR_NAME = AccentColor;
				CODE_SIGN_STYLE = Automatic;
				CURRENT_PROJECT_VERSION = 1;
				DEVELOPMENT_ASSET_PATHS = "\"Example interview/Preview Content\"";
				DEVELOPMENT_TEAM = FA5YW83ZRX;
				ENABLE_PREVIEWS = YES;
				GENERATE_INFOPLIST_FILE = YES;
				INFOPLIST_KEY_UIApplicationSceneManifest_Generation = YES;
				INFOPLIST_KEY_UIApplicationSupportsIndirectInputEvents = YES;
				INFOPLIST_KEY_UILaunchScreen_Generation = YES;
				INFOPLIST_KEY_UISupportedInterfaceOrientations_iPad = "UIInterfaceOrientationPortrait UIInterfaceOrientationPortraitUpsideDown UIInterfaceOrientationLandscapeLeft UIInterfaceOrientationLandscapeRight";
				INFOPLIST_KEY_UISupportedInterfaceOrientations_iPhone = "UIInterfaceOrientationPortrait UIInterfaceOrientationLandscapeLeft UIInterfaceOrientationLandscapeRight";
				LD_RUNPATH_SEARCH_PATHS = (
					"$(inherited)",
					"@executable_path/Frameworks",
				);
				MARKETING_VERSION = 1.0;
				PRODUCT_BUNDLE_IDENTIFIER = "com.cod3f1re.Example-interview";
				PRODUCT_NAME = "$(TARGET_NAME)";
				SWIFT_EMIT_LOC_STRINGS = YES;
				SWIFT_VERSION = 5.0;
				TARGETED_DEVICE_FAMILY = "1,2";
			};
			name = Release;
		};
/* End XCBuildConfiguration section */

/* Begin XCConfigurationList section */
		62F8F8272B8FCBD100BBD450 /* Build configuration list for PBXProject "Example interview" */ = {
			isa = XCConfigurationList;
			buildConfigurations = (
				62F8F8382B8FCBD300BBD450 /* Debug */,
				62F8F8392B8FCBD300BBD450 /* Release */,
			);
			defaultConfigurationIsVisible = 0;
			defaultConfigurationName = Release;
		};
		62F8F83A2B8FCBD300BBD450 /* Build configuration list for PBXNativeTarget "Example interview" */ = {
			isa = XCConfigurationList;
			buildConfigurations = (
				62F8F83B2B8FCBD300BBD450 /* Debug */,
				62F8F83C2B8FCBD300BBD450 /* Release */,
			);
			defaultConfigurationIsVisible = 0;
			defaultConfigurationName = Release;
		};
/* End XCConfigurationList section */
	};
	rootObject = 62F8F8242B8FCBD100BBD450 /* Project object */;
}
